
Microsoft Visual Studio Solution File, Format Version 12.00
# Visual Studio Version 17
VisualStudioVersion = 17.5.002.0
MinimumVisualStudioVersion = 10.0.40219.1
Project("{2150E333-8FDC-42A3-9474-1A3956D46DE8}") = "SOLID-.NET", "SOLID-.NET", "{F2A14C0E-0D05-4972-B828-E7929487C825}"
EndProject
Project("{9A19103F-16F7-4668-BE54-9A1E7A4F7556}") = "OpenClosedPrinciple", "SOLID-.NET\OpenClosedPrinciple\OpenClosedPrinciple.csproj", "{131570D2-920D-411A-87B5-051FEC60C4FF}"
EndProject
Global
	GlobalSection(SolutionConfigurationPlatforms) = preSolution
		Debug|Any CPU = Debug|Any CPU
		Release|Any CPU = Release|Any CPU
	EndGlobalSection
	GlobalSection(ProjectConfigurationPlatforms) = postSolution
		{131570D2-920D-411A-87B5-051FEC60C4FF}.Debug|Any CPU.ActiveCfg = Debug|Any CPU
		{131570D2-920D-411A-87B5-051FEC60C4FF}.Debug|Any CPU.Build.0 = Debug|Any CPU
		{131570D2-920D-411A-87B5-051FEC60C4FF}.Release|Any CPU.ActiveCfg = Release|Any CPU
		{131570D2-920D-411A-87B5-051FEC60C4FF}.Release|Any CPU.Build.0 = Release|Any CPU
	EndGlobalSection
	GlobalSection(SolutionProperties) = preSolution
		HideSolutionNode = FALSE
	EndGlobalSection
	GlobalSection(NestedProjects) = preSolution
		{131570D2-920D-411A-87B5-051FEC60C4FF} = {F2A14C0E-0D05-4972-B828-E7929487C825}
	EndGlobalSection
	GlobalSection(ExtensibilityGlobals) = postSolution
		SolutionGuid = {A20534A8-CDC3-4B0D-8B21-1ADC1852BBA7}
	EndGlobalSection
EndGlobal
